
Microsoft Visual Studio Solution File, Format Version 12.00
# Visual Studio Version 17
VisualStudioVersion = 17.13.36105.23 d17.13
MinimumVisualStudioVersion = 10.0.40219.1
Project("{FAE04EC0-301F-11D3-BF4B-00C04F79EFBC}") = "auditTest", "auditTest.csproj", "{89056F4F-C430-4BE2-9100-85C4C6FC5B4D}"
EndProject
Global
	GlobalSection(SolutionConfigurationPlatforms) = preSolution
		Debug|Any CPU = Debug|Any CPU
		Release|Any CPU = Release|Any CPU
	EndGlobalSection
	GlobalSection(ProjectConfigurationPlatforms) = postSolution
		{89056F4F-C430-4BE2-9100-85C4C6FC5B4D}.Debug|Any CPU.ActiveCfg = Debug|Any CPU
		{89056F4F-C430-4BE2-9100-85C4C6FC5B4D}.Debug|Any CPU.Build.0 = Debug|Any CPU
		{89056F4F-C430-4BE2-9100-85C4C6FC5B4D}.Release|Any CPU.ActiveCfg = Release|Any CPU
		{89056F4F-C430-4BE2-9100-85C4C6FC5B4D}.Release|Any CPU.Build.0 = Release|Any CPU
	EndGlobalSection
	GlobalSection(SolutionProperties) = preSolution
		HideSolutionNode = FALSE
	EndGlobalSection
	GlobalSection(ExtensibilityGlobals) = postSolution
		SolutionGuid = {A18DD5EA-A202-4901-8A92-9DB65481F8C9}
	EndGlobalSection
EndGlobal
